
Microsoft Visual Studio Solution File, Format Version 12.00
# Visual Studio Version 17
VisualStudioVersion = 17.8.34525.116
MinimumVisualStudioVersion = 10.0.40219.1
Project("{FAE04EC0-301F-11D3-BF4B-00C04F79EFBC}") = "wargame", "wargame\wargame.csproj", "{D9A144E5-154D-4218-BF88-349532F2EC72}"
EndProject
Global
	GlobalSection(SolutionConfigurationPlatforms) = preSolution
		Debug|Any CPU = Debug|Any CPU
		Release|Any CPU = Release|Any CPU
	EndGlobalSection
	GlobalSection(ProjectConfigurationPlatforms) = postSolution
		{D9A144E5-154D-4218-BF88-349532F2EC72}.Debug|Any CPU.ActiveCfg = Debug|Any CPU
		{D9A144E5-154D-4218-BF88-349532F2EC72}.Debug|Any CPU.Build.0 = Debug|Any CPU
		{D9A144E5-154D-4218-BF88-349532F2EC72}.Release|Any CPU.ActiveCfg = Release|Any CPU
		{D9A144E5-154D-4218-BF88-349532F2EC72}.Release|Any CPU.Build.0 = Release|Any CPU
	EndGlobalSection
	GlobalSection(SolutionProperties) = preSolution
		HideSolutionNode = FALSE
	EndGlobalSection
	GlobalSection(ExtensibilityGlobals) = postSolution
		SolutionGuid = {87431E9E-4FD2-40B2-8623-0550A1ADE543}
	EndGlobalSection
EndGlobal
